{
  "version": "3",
  "packages": {
    "specifiers": {
      "jsr:@lucsoft/web-bson@^0.3.1": "jsr:@lucsoft/web-bson@0.3.1",
      "jsr:@oak/commons@0.10": "jsr:@oak/commons@0.10.1",
      "jsr:@oak/oak": "jsr:@oak/oak@16.0.0",
      "jsr:@std/assert@0.222": "jsr:@std/assert@0.222.1",
      "jsr:@std/assert@0.223": "jsr:@std/assert@0.223.0",
      "jsr:@std/assert@^0.222.1": "jsr:@std/assert@0.222.1",
      "jsr:@std/assert@^0.223.0": "jsr:@std/assert@0.223.0",
      "jsr:@std/bytes@0.222": "jsr:@std/bytes@0.222.1",
      "jsr:@std/bytes@0.223": "jsr:@std/bytes@0.223.0",
      "jsr:@std/bytes@^0.223.0": "jsr:@std/bytes@0.223.0",
      "jsr:@std/crypto@0.222": "jsr:@std/crypto@0.222.1",
      "jsr:@std/crypto@0.223": "jsr:@std/crypto@0.223.0",
      "jsr:@std/crypto@^0.220.1": "jsr:@std/crypto@0.220.1",
      "jsr:@std/encoding@^0.220.1": "jsr:@std/encoding@0.220.1",
      "jsr:@std/encoding@^0.222.1": "jsr:@std/encoding@0.222.1",
      "jsr:@std/encoding@^0.223.0": "jsr:@std/encoding@0.223.0",
      "jsr:@std/http@0.222": "jsr:@std/http@0.222.1",
      "jsr:@std/http@0.223": "jsr:@std/http@0.223.0",
      "jsr:@std/io@0.223": "jsr:@std/io@0.223.0",
      "jsr:@std/media-types@0.222": "jsr:@std/media-types@0.222.1",
      "jsr:@std/media-types@0.223": "jsr:@std/media-types@0.223.0",
      "jsr:@std/path@0.223": "jsr:@std/path@0.223.0",
      "npm:@types/node": "npm:@types/node@18.16.19",
      "npm:path-to-regexp@6.2.1": "npm:path-to-regexp@6.2.1"
    },
    "jsr": {
      "@lucsoft/web-bson@0.3.1": {
        "integrity": "dccad36fe5cc68286a4d3fe1993f7e7a81df0970c5946a5894dae9173adafe60"
      },
      "@oak/commons@0.10.1": {
        "integrity": "4775ebf70782b0c5d95958d85b2425b3fbdff06f57654aa4143dbcb23b923cf4",
        "dependencies": [
          "jsr:@std/assert@0.222",
          "jsr:@std/bytes@0.222",
          "jsr:@std/crypto@0.222",
          "jsr:@std/http@0.222",
          "jsr:@std/media-types@0.222"
        ]
      },
      "@oak/oak@16.0.0": {
        "integrity": "a98756fb4bf69f728c9a5179ff4157620946c5969bcaa3d6bd64cca8b198f74e",
        "dependencies": [
          "jsr:@oak/commons@0.10",
          "jsr:@std/assert@0.223",
          "jsr:@std/bytes@0.223",
          "jsr:@std/crypto@0.223",
          "jsr:@std/http@0.223",
          "jsr:@std/io@0.223",
          "jsr:@std/media-types@0.223",
          "jsr:@std/path@0.223",
          "npm:path-to-regexp@6.2.1"
        ]
      },
      "@std/assert@0.222.1": {
        "integrity": "691637161ee584a9919d1f9950ddd1272feb8e0a19e83aa5b7563cedaf73d74c"
      },
      "@std/assert@0.223.0": {
        "integrity": "eb8d6d879d76e1cc431205bd346ed4d88dc051c6366365b1af47034b0670be24"
      },
      "@std/bytes@0.222.1": {
        "integrity": "04dbf33e889ed5f9f6a87bc6b6b882dc105fffae6d2b042f832d92d4f34771c0"
      },
      "@std/bytes@0.223.0": {
        "integrity": "84b75052cd8680942c397c2631318772b295019098f40aac5c36cead4cba51a8"
      },
      "@std/crypto@0.220.1": {
        "integrity": "4cec173974f33398041a3f66cc2f9b2fcc4a5ceaddd0e60840887d3bb7289d23"
      },
      "@std/crypto@0.222.1": {
        "integrity": "d5b9e6c704fadbcc384cd42c0b603ad4aea710ece0ff26426602681b64fd237c",
        "dependencies": [
          "jsr:@std/assert@^0.222.1"
        ]
      },
      "@std/crypto@0.223.0": {
        "integrity": "1aa9555ff56b09e197ad988ea200f84bc6781fd4fd83f3a156ee44449af93000",
        "dependencies": [
          "jsr:@std/assert@^0.223.0",
          "jsr:@std/encoding@^0.223.0"
        ]
      },
      "@std/encoding@0.220.1": {
        "integrity": "8dc38dd72e36cd68857a5837e24eb09a64bb296b96c295239c75eec17d45d23f"
      },
      "@std/encoding@0.222.1": {
        "integrity": "fb6c1d38722feebc8d4a5efa3eb2039ecec0d50d053186240484d0c4a4ce1006"
      },
      "@std/encoding@0.223.0": {
        "integrity": "2b5615a75e00337ce113f34cf2f9b8c18182c751a8dcc8b1a2c2fc0e117bef00"
      },
      "@std/http@0.222.1": {
        "integrity": "a3c731ec6040927aa37d8378b9e6b467e2e3068c1f97838a6e79ee3bdc103521",
        "dependencies": [
          "jsr:@std/encoding@^0.222.1"
        ]
      },
      "@std/http@0.223.0": {
        "integrity": "15ab8a0c5a7e9d5be017a15b01600f20f66602ceec48b378939fa24fcec522aa",
        "dependencies": [
          "jsr:@std/assert@^0.223.0",
          "jsr:@std/encoding@^0.223.0"
        ]
      },
      "@std/io@0.223.0": {
        "integrity": "2d8c3c2ab3a515619b90da2c6ff5ea7b75a94383259ef4d02116b228393f84f1",
        "dependencies": [
          "jsr:@std/bytes@^0.223.0"
        ]
      },
      "@std/media-types@0.222.1": {
        "integrity": "147cbd7f29fb4480625ccdad679637f945437f455534049eb7c95977b973a137"
      },
      "@std/media-types@0.223.0": {
        "integrity": "84684680c2eb6bc6d9369c6d6f26a49decaf2c7603ff531862dda575d9d6776e"
      },
      "@std/path@0.223.0": {
        "integrity": "593963402d7e6597f5a6e620931661053572c982fc014000459edc1f93cc3989",
        "dependencies": [
          "jsr:@std/assert@^0.223.0"
        ]
      }
    },
    "npm": {
      "@types/node@18.16.19": {
        "integrity": "sha512-IXl7o+R9iti9eBW4Wg2hx1xQDig183jj7YLn8F7udNceyfkbn1ZxmzZXuak20gR40D7pIkIY1kYGx5VIGbaHKA==",
        "dependencies": {}
      },
      "path-to-regexp@6.2.1": {
        "integrity": "sha512-JLyh7xT1kizaEvcaXOQwOc2/Yhw6KZOvPf1S8401UyLk86CU79LN3vl7ztXGm/pZ+YjoyAJ4rxmHwbkBXJX+yw==",
        "dependencies": {}
      }
    }
  },
  "redirects": {
    "https://deno.land/x/oak/mod.ts": "https://deno.land/x/oak@v16.0.0/mod.ts"
  },
  "remote": {
    "https://deno.land/std@0.211.0/assert/assert.ts": "bec068b2fccdd434c138a555b19a2c2393b71dfaada02b7d568a01541e67cdc5",
    "https://deno.land/std@0.211.0/assert/assertion_error.ts": "9f689a101ee586c4ce92f52fa7ddd362e86434ffdf1f848e45987dc7689976b8",
    "https://deno.land/std@0.211.0/encoding/_util.ts": "beacef316c1255da9bc8e95afb1fa56ed69baef919c88dc06ae6cb7a6103d376",
    "https://deno.land/std@0.211.0/encoding/base64.ts": "0ec6d6e6b68fc38f6396277e5184bcd47c1a9db0222fd0b563487eb67e352741",
    "https://deno.land/std@0.212.0/assert/assert.ts": "bec068b2fccdd434c138a555b19a2c2393b71dfaada02b7d568a01541e67cdc5",
    "https://deno.land/std@0.212.0/assert/assertion_error.ts": "9f689a101ee586c4ce92f52fa7ddd362e86434ffdf1f848e45987dc7689976b8",
    "https://deno.land/std@0.212.0/bytes/concat.ts": "9cac3b4376afbef98ff03588eb3cf948e0d1eb6c27cfe81a7651ab6dd3adc54a",
    "https://deno.land/std@0.212.0/bytes/copy.ts": "f29c03168853720dfe82eaa57793d0b9e3543ebfe5306684182f0f1e3bfd422a",
    "https://deno.land/std@0.212.0/crypto/timing_safe_equal.ts": "8c76022f5c1051f0653b0557651c32e4e10c9504d4e81ad5e4dbc6ef3e53e263",
    "https://deno.land/std@0.212.0/crypto/unstable_keystack.ts": "55a2e08c87fbd935f46b034a6df58df6d664e6b8cc5031f529c834cdb9009233",
    "https://deno.land/std@0.212.0/encoding/_util.ts": "beacef316c1255da9bc8e95afb1fa56ed69baef919c88dc06ae6cb7a6103d376",
    "https://deno.land/std@0.212.0/encoding/base64.ts": "0ec6d6e6b68fc38f6396277e5184bcd47c1a9db0222fd0b563487eb67e352741",
    "https://deno.land/std@0.212.0/encoding/base64url.ts": "b6e2d187e425e27227d6162e297c2f356dd8f23d4ddca21d0850e6871fe8ef37",
    "https://deno.land/std@0.212.0/http/_negotiation/common.ts": "051a9f6edd1ed69507df89bbc16fc1b13b7654b9b8fd38072ec33ae4c185fc13",
    "https://deno.land/std@0.212.0/http/_negotiation/encoding.ts": "afc658fca003248777919257474a2d128892cbca4a3b9faa1ddee8d7a53e52a9",
    "https://deno.land/std@0.212.0/http/_negotiation/language.ts": "4d38c2abeaabcd69de1f1b81e2c3e33ba9c3f4f9eea1b7af93664561d43092ff",
    "https://deno.land/std@0.212.0/http/_negotiation/media_type.ts": "1f6f2036e3173b42b0bdf8df8011d72e20668d35eadc8cec11a5ac0921aa60fb",
    "https://deno.land/std@0.212.0/http/etag.ts": "8570289ed16c6e76aa9aa0af07c9e33842f82fc1518378739696ca95753acd1c",
    "https://deno.land/std@0.212.0/http/negotiation.ts": "a8c9f02da070145109ac42b4efb4f279dce93c3753f3e9dc9ad71c1403f96364",
    "https://deno.land/std@0.212.0/http/user_agent.ts": "68ff1b7a1025797176796651128312921aa1a27ba1f23483563b157f01786673",
    "https://deno.land/std@0.212.0/io/_common.ts": "36705cdb4dfcd338d6131bca1b16e48a4d5bf0d1dada6ce397268e88c17a5835",
    "https://deno.land/std@0.212.0/io/_constants.ts": "3c7ad4695832e6e4a32e35f218c70376b62bc78621ef069a4a0a3d55739f8856",
    "https://deno.land/std@0.212.0/io/buf_reader.ts": "ccbd43ace0a9eebbd5e1b4765724b79da79d1e28b90c2b08537b99192da4a1f7",
    "https://deno.land/std@0.212.0/io/buf_writer.ts": "bf68b9c74b1bccf51b9960c54db5eec60e7e3d922c7c62781b0d3971770021ba",
    "https://deno.land/std@0.212.0/io/buffer.ts": "e3a05e28d04c4458a4be6df8b9ea329ce250be447eb6062ff64b2c0cfee1ed52",
    "https://deno.land/std@0.212.0/io/copy.ts": "63c6a4acf71fb1e89f5e47a7b3b2972f9d2c56dd645560975ead72db7eb23f61",
    "https://deno.land/std@0.212.0/io/copy_n.ts": "e4a169b8965b69e6a05175d06bf14565caa91266143ec895e54e95b6cdb27cf2",
    "https://deno.land/std@0.212.0/io/limited_reader.ts": "2b3e6c2d134bbbabbc918584db5fd2f8b21091843357f75af0d9f262cb5c94c1",
    "https://deno.land/std@0.212.0/io/mod.ts": "571384032c5f60530542a28f2e8b0e73e47e87eca77056ba7e2363f4d4a4573a",
    "https://deno.land/std@0.212.0/io/multi_reader.ts": "ca8a7813208a3393dfaed75894d955fe58a38c21b880e69839a4e0547eadbf61",
    "https://deno.land/std@0.212.0/io/read_all.ts": "cd2f127471489d288f8b14405b851ed61301470aacb4d71507ae5202c86f3837",
    "https://deno.land/std@0.212.0/io/read_delim.ts": "fb0884d97adc398877c6f59e1d1450be12e078790f52845fae7876dc119bb8f6",
    "https://deno.land/std@0.212.0/io/read_int.ts": "6ada4e0eec5044982df530e4de804e32ae757a2c318b57eba622d893841ffe2a",
    "https://deno.land/std@0.212.0/io/read_lines.ts": "34555eaa25269f6cfb9a842a03daedc9eae4f8295c8f933bd2b1639274ce89e3",
    "https://deno.land/std@0.212.0/io/read_long.ts": "199cba44526464f8499e1f3d96008d513bcadc8e5665356a9b84425cac6b16ad",
    "https://deno.land/std@0.212.0/io/read_range.ts": "a0c930ea61fdc3ea5520be4df34a7927fe8a2d6da9b04bfaa7b9588ef2e1a718",
    "https://deno.land/std@0.212.0/io/read_short.ts": "73777709ad41b6faeff3638c275a329cc820c1082f4dad07909f48875a35a71d",
    "https://deno.land/std@0.212.0/io/read_string_delim.ts": "8c604ceea5c3c7ab244583570b467ce194238ace6d49b1d47f25d4f75de86d59",
    "https://deno.land/std@0.212.0/io/slice_long_to_bytes.ts": "9769174a8f3b4449f1e1af1a79f78e58ef84d0aaf2f457e1fdc31a01f92439b7",
    "https://deno.land/std@0.212.0/io/string_reader.ts": "b0176211e61e235a684abef722e7ecc7a6481238ba264f1a7b199b8a1d2a62f5",
    "https://deno.land/std@0.212.0/io/string_writer.ts": "92eed40be6413fea0788baeaf39aa86415d103e211f234d217e34dbbb76e3220",
    "https://deno.land/std@0.212.0/io/to_readable_stream.ts": "ed03a44a1ec1cc55a85a857acf6cac472035298f6f3b6207ea209f93b4aefb39",
    "https://deno.land/std@0.212.0/io/to_writable_stream.ts": "ef422e0425963c8a1e0481674e66c3023da50f0acbe5ef51ec9789efc3c1e2ed",
    "https://deno.land/std@0.212.0/io/types.ts": "748bbb3ac96abda03594ef5a0db15ce5450dcc6c0d841c8906f8b10ac8d32c96",
    "https://deno.land/std@0.212.0/io/write_all.ts": "3ade4c6f5857708051120e4f48967e3113d7bbf77d6f9e0e50180353ea10c4c0",
    "https://deno.land/std@0.212.0/media_types/_db.ts": "1d695d9fe1c785e523d6de7191b33f33ecc7866db77358a4f966221cca56e2f9",
    "https://deno.land/std@0.212.0/media_types/_util.ts": "97198fcf0fea9f3613e5294944114ab04788f709bea999e31123321f449dd098",
    "https://deno.land/std@0.212.0/media_types/content_type.ts": "ec2325c8f8c2ce6a081620e145b6e842f98b28ca4cfb88acfc82c74d071bbbf4",
    "https://deno.land/std@0.212.0/media_types/format_media_type.ts": "9fc070ec4dcc3193a9c048b3a20375b311685d22bf4ccf9311970b9dc1fb2ec7",
    "https://deno.land/std@0.212.0/media_types/get_charset.ts": "678383f268db650da0f053655c5cce87cf3b7028f62436bafaf0b2dbf9e761e1",
    "https://deno.land/std@0.212.0/media_types/parse_media_type.ts": "6cecc445f1a47adaeb1e163af7f20d29a1b6be68185c6e78eb12c04fc2dfe3ea",
    "https://deno.land/std@0.212.0/media_types/type_by_extension.ts": "27fb0c5c306ce6c115b071b1a6fca4f1061572e214e3023775680fbe9199f7e8",
    "https://deno.land/std@0.212.0/media_types/vendor/mime-db.v1.52.0.ts": "0218d2c7d900e8cd6fa4a866e0c387712af4af9a1bae55d6b2546c73d273a1e6",
    "https://deno.land/std@0.212.0/path/_common/assert_path.ts": "2ca275f36ac1788b2acb60fb2b79cb06027198bc2ba6fb7e163efaedde98c297",
    "https://deno.land/std@0.212.0/path/_common/basename.ts": "569744855bc8445f3a56087fd2aed56bdad39da971a8d92b138c9913aecc5fa2",
    "https://deno.land/std@0.212.0/path/_common/common.ts": "6157c7ec1f4db2b4a9a187efd6ce76dcaf1e61cfd49f87e40d4ea102818df031",
    "https://deno.land/std@0.212.0/path/_common/constants.ts": "dc5f8057159f4b48cd304eb3027e42f1148cf4df1fb4240774d3492b5d12ac0c",
    "https://deno.land/std@0.212.0/path/_common/dirname.ts": "684df4aa71a04bbcc346c692c8485594fc8a90b9408dfbc26ff32cf3e0c98cc8",
    "https://deno.land/std@0.212.0/path/_common/format.ts": "92500e91ea5de21c97f5fe91e178bae62af524b72d5fcd246d6d60ae4bcada8b",
    "https://deno.land/std@0.212.0/path/_common/from_file_url.ts": "d672bdeebc11bf80e99bf266f886c70963107bdd31134c4e249eef51133ceccf",
    "https://deno.land/std@0.212.0/path/_common/glob_to_reg_exp.ts": "2007aa87bed6eb2c8ae8381adcc3125027543d9ec347713c1ad2c68427330770",
    "https://deno.land/std@0.212.0/path/_common/normalize.ts": "684df4aa71a04bbcc346c692c8485594fc8a90b9408dfbc26ff32cf3e0c98cc8",
    "https://deno.land/std@0.212.0/path/_common/normalize_string.ts": "dfdf657a1b1a7db7999f7c575ee7e6b0551d9c20f19486c6c3f5ff428384c965",
    "https://deno.land/std@0.212.0/path/_common/relative.ts": "faa2753d9b32320ed4ada0733261e3357c186e5705678d9dd08b97527deae607",
    "https://deno.land/std@0.212.0/path/_common/strip_trailing_separators.ts": "7024a93447efcdcfeaa9339a98fa63ef9d53de363f1fbe9858970f1bba02655a",
    "https://deno.land/std@0.212.0/path/_common/to_file_url.ts": "7f76adbc83ece1bba173e6e98a27c647712cab773d3f8cbe0398b74afc817883",
    "https://deno.land/std@0.212.0/path/_interface.ts": "a1419fcf45c0ceb8acdccc94394e3e94f99e18cfd32d509aab514c8841799600",
    "https://deno.land/std@0.212.0/path/_os.ts": "8fb9b90fb6b753bd8c77cfd8a33c2ff6c5f5bc185f50de8ca4ac6a05710b2c15",
    "https://deno.land/std@0.212.0/path/basename.ts": "5d341aadb7ada266e2280561692c165771d071c98746fcb66da928870cd47668",
    "https://deno.land/std@0.212.0/path/common.ts": "973e019d3cfa6a134a13f1fda3f7efbaf400a64365d7a7b96f66afe373a09dc5",
    "https://deno.land/std@0.212.0/path/dirname.ts": "85bd955bf31d62c9aafdd7ff561c4b5fb587d11a9a5a45e2b01aedffa4238a7c",
    "https://deno.land/std@0.212.0/path/extname.ts": "593303db8ae8c865cbd9ceec6e55d4b9ac5410c1e276bfd3131916591b954441",
    "https://deno.land/std@0.212.0/path/format.ts": "98fad25f1af7b96a48efb5b67378fcc8ed77be895df8b9c733b86411632162af",
    "https://deno.land/std@0.212.0/path/from_file_url.ts": "911833ae4fd10a1c84f6271f36151ab785955849117dc48c6e43b929504ee069",
    "https://deno.land/std@0.212.0/path/glob_to_regexp.ts": "83c5fd36a8c86f5e72df9d0f45317f9546afa2ce39acaafe079d43a865aced08",
    "https://deno.land/std@0.212.0/path/is_absolute.ts": "4791afc8bfd0c87f0526eaa616b0d16e7b3ab6a65b62942e50eac68de4ef67d7",
    "https://deno.land/std@0.212.0/path/is_glob.ts": "a65f6195d3058c3050ab905705891b412ff942a292bcbaa1a807a74439a14141",
    "https://deno.land/std@0.212.0/path/join.ts": "ae2ec5ca44c7e84a235fd532e4a0116bfb1f2368b394db1c4fb75e3c0f26a33a",
    "https://deno.land/std@0.212.0/path/join_globs.ts": "e9589869a33dc3982101898ee50903db918ca00ad2614dbe3934d597d7b1fbea",
    "https://deno.land/std@0.212.0/path/mod.ts": "8e1ffe983557e9637184ccb84bd6b0447e319f4a28bfad7f3f41ee050579e5e6",
    "https://deno.land/std@0.212.0/path/normalize.ts": "4155743ccceeed319b350c1e62e931600272fad8ad00c417b91df093867a8352",
    "https://deno.land/std@0.212.0/path/normalize_glob.ts": "98ee8268fad271193603271c203ae973280b5abfbdd2cbca1053fd2af71869ca",
    "https://deno.land/std@0.212.0/path/parse.ts": "65e8e285f1a63b714e19ef24b68f56e76934c3df0b6e65fd440d3991f4f8aefb",
    "https://deno.land/std@0.212.0/path/posix/_util.ts": "1e3937da30f080bfc99fe45d7ed23c47dd8585c5e473b2d771380d3a6937cf9d",
    "https://deno.land/std@0.212.0/path/posix/basename.ts": "39ee27a29f1f35935d3603ccf01d53f3d6e0c5d4d0f84421e65bd1afeff42843",
    "https://deno.land/std@0.212.0/path/posix/common.ts": "809cc86e79db8171b9a97ac397d56b9588c25a8f3062f483c8d651a2b6739daa",
    "https://deno.land/std@0.212.0/path/posix/dirname.ts": "6535d2bdd566118963537b9dda8867ba9e2a361015540dc91f5afbb65c0cce8b",
    "https://deno.land/std@0.212.0/path/posix/extname.ts": "8d36ae0082063c5e1191639699e6f77d3acf501600a3d87b74943f0ae5327427",
    "https://deno.land/std@0.212.0/path/posix/format.ts": "185e9ee2091a42dd39e2a3b8e4925370ee8407572cee1ae52838aed96310c5c1",
    "https://deno.land/std@0.212.0/path/posix/from_file_url.ts": "951aee3a2c46fd0ed488899d024c6352b59154c70552e90885ed0c2ab699bc40",
    "https://deno.land/std@0.212.0/path/posix/glob_to_regexp.ts": "54d3ff40f309e3732ab6e5b19d7111d2d415248bcd35b67a99defcbc1972e697",
    "https://deno.land/std@0.212.0/path/posix/is_absolute.ts": "cebe561ad0ae294f0ce0365a1879dcfca8abd872821519b4fcc8d8967f888ede",
    "https://deno.land/std@0.212.0/path/posix/is_glob.ts": "8a8b08c08bf731acf2c1232218f1f45a11131bc01de81e5f803450a5914434b9",
    "https://deno.land/std@0.212.0/path/posix/join.ts": "aef88d5fa3650f7516730865dbb951594d1a955b785e2450dbee93b8e32694f3",
    "https://deno.land/std@0.212.0/path/posix/join_globs.ts": "35ddd5f321d79e1fc72d2ec9a8d8863f0bb1431125e57bb2661799278d4ee9cd",
    "https://deno.land/std@0.212.0/path/posix/mod.ts": "9dfff9f3618ba6990eb8495dadef13871e5756419b25079b6b905a4ebf790926",
    "https://deno.land/std@0.212.0/path/posix/normalize.ts": "baeb49816a8299f90a0237d214cef46f00ba3e95c0d2ceb74205a6a584b58a91",
    "https://deno.land/std@0.212.0/path/posix/normalize_glob.ts": "0f01bcfb0791144f0e901fd2cc706432baf84828c393f3c25c53583f03d0c0b7",
    "https://deno.land/std@0.212.0/path/posix/parse.ts": "d5bac4eb21262ab168eead7e2196cb862940c84cee572eafedd12a0d34adc8fb",
    "https://deno.land/std@0.212.0/path/posix/relative.ts": "3907d6eda41f0ff723d336125a1ad4349112cd4d48f693859980314d5b9da31c",
    "https://deno.land/std@0.212.0/path/posix/resolve.ts": "bac20d9921beebbbb2b73706683b518b1d0c1b1da514140cee409e90d6b2913a",
    "https://deno.land/std@0.212.0/path/posix/separator.ts": "6530f253a33d92d8f8a1d1d7fa7fad2992c739ad9886dde72e4e78793f1cfd49",
    "https://deno.land/std@0.212.0/path/posix/to_file_url.ts": "7aa752ba66a35049e0e4a4be5a0a31ac6b645257d2e031142abb1854de250aaf",
    "https://deno.land/std@0.212.0/path/posix/to_namespaced_path.ts": "28b216b3c76f892a4dca9734ff1cc0045d135532bfd9c435ae4858bfa5a2ebf0",
    "https://deno.land/std@0.212.0/path/relative.ts": "ab739d727180ed8727e34ed71d976912461d98e2b76de3d3de834c1066667add",
    "https://deno.land/std@0.212.0/path/resolve.ts": "a6f977bdb4272e79d8d0ed4333e3d71367cc3926acf15ac271f1d059c8494d8d",
    "https://deno.land/std@0.212.0/path/separator.ts": "2b5a590d4f1942e70650ee7421d161c24ec7d3b94b49981e4138ae07397fb2d2",
    "https://deno.land/std@0.212.0/path/to_file_url.ts": "88f049b769bce411e2d2db5bd9e6fd9a185a5fbd6b9f5ad8f52bef517c4ece1b",
    "https://deno.land/std@0.212.0/path/to_namespaced_path.ts": "b706a4103b104cfadc09600a5f838c2ba94dbcdb642344557122dda444526e40",
    "https://deno.land/std@0.212.0/path/windows/_util.ts": "d5f47363e5293fced22c984550d5e70e98e266cc3f31769e1710511803d04808",
    "https://deno.land/std@0.212.0/path/windows/basename.ts": "e2dbf31d1d6385bfab1ce38c333aa290b6d7ae9e0ecb8234a654e583cf22f8fe",
    "https://deno.land/std@0.212.0/path/windows/common.ts": "809cc86e79db8171b9a97ac397d56b9588c25a8f3062f483c8d651a2b6739daa",
    "https://deno.land/std@0.212.0/path/windows/dirname.ts": "33e421be5a5558a1346a48e74c330b8e560be7424ed7684ea03c12c21b627bc9",
    "https://deno.land/std@0.212.0/path/windows/extname.ts": "165a61b00d781257fda1e9606a48c78b06815385e7d703232548dbfc95346bef",
    "https://deno.land/std@0.212.0/path/windows/format.ts": "bbb5ecf379305b472b1082cd2fdc010e44a0020030414974d6029be9ad52aeb6",
    "https://deno.land/std@0.212.0/path/windows/from_file_url.ts": "ced2d587b6dff18f963f269d745c4a599cf82b0c4007356bd957cb4cb52efc01",
    "https://deno.land/std@0.212.0/path/windows/glob_to_regexp.ts": "6dcd1242bd8907aa9660cbdd7c93446e6927b201112b0cba37ca5d80f81be51b",
    "https://deno.land/std@0.212.0/path/windows/is_absolute.ts": "4a8f6853f8598cf91a835f41abed42112cebab09478b072e4beb00ec81f8ca8a",
    "https://deno.land/std@0.212.0/path/windows/is_glob.ts": "8a8b08c08bf731acf2c1232218f1f45a11131bc01de81e5f803450a5914434b9",
    "https://deno.land/std@0.212.0/path/windows/join.ts": "e0b3356615c1a75c56ebb6a7311157911659e11fd533d80d724800126b761ac3",
    "https://deno.land/std@0.212.0/path/windows/join_globs.ts": "35ddd5f321d79e1fc72d2ec9a8d8863f0bb1431125e57bb2661799278d4ee9cd",
    "https://deno.land/std@0.212.0/path/windows/mod.ts": "e739f7e783b69fb7956bed055e117201ccb071a7917c09f87c5c8c2b54369d38",
    "https://deno.land/std@0.212.0/path/windows/normalize.ts": "78126170ab917f0ca355a9af9e65ad6bfa5be14d574c5fb09bb1920f52577780",
    "https://deno.land/std@0.212.0/path/windows/normalize_glob.ts": "49c634af33a7c6bc738885c4b34633278b7ab47bd47bf11281b2190970b823e2",
    "https://deno.land/std@0.212.0/path/windows/parse.ts": "b9239edd892a06a06625c1b58425e199f018ce5649ace024d144495c984da734",
    "https://deno.land/std@0.212.0/path/windows/relative.ts": "3e1abc7977ee6cc0db2730d1f9cb38be87b0ce4806759d271a70e4997fc638d7",
    "https://deno.land/std@0.212.0/path/windows/resolve.ts": "75b2e3e1238d840782cee3d8864d82bfaa593c7af8b22f19c6422cf82f330ab3",
    "https://deno.land/std@0.212.0/path/windows/separator.ts": "2bbcc551f64810fb43252185bd1d33d66e0477d74bd52f03b89f5dc21a3dd486",
    "https://deno.land/std@0.212.0/path/windows/to_file_url.ts": "1cd63fd35ec8d1370feaa4752eccc4cc05ea5362a878be8dc7db733650995484",
    "https://deno.land/std@0.212.0/path/windows/to_namespaced_path.ts": "4ffa4fb6fae321448d5fe810b3ca741d84df4d7897e61ee29be961a6aac89a4c",
    "https://deno.land/std@0.212.0/streams/_common.ts": "4f9f2958d853b9a456be033631dabb7519daa68ee4d02caf53e2ecbffaf5805f",
    "https://deno.land/std@0.212.0/streams/buffer.ts": "71120cceddacab2eb47a2f2908c64e82e79ac089506649bd41412042fcc97773",
    "https://deno.land/std@0.212.0/streams/byte_slice_stream.ts": "5bbdcadb118390affa9b3d0a0f73ef8e83754f59bb89df349add669dd9369713",
    "https://deno.land/std@0.212.0/streams/copy.ts": "442d1d647ce7daf350dd989797dd2eea51ec8ad3b3a6851fcdaf7ef44a387c71",
    "https://deno.land/std@0.212.0/streams/delimiter_stream.ts": "45271f9db844e8e501a6df75b946cd2a5e01663de0e9ccf26b92996983e0cdbe",
    "https://deno.land/std@0.212.0/streams/early_zip_readable_streams.ts": "21f5cf6dd36381c6a50c31a7727b5bd219f6382bbb7a413418595c3e466c4d14",
    "https://deno.land/std@0.212.0/streams/iterate_reader.ts": "a2eb0862d77c70bc5e524703287ed6bf0f74d14dbe4b9e2f6ea70a7ff7a5bccb",
    "https://deno.land/std@0.212.0/streams/limited_bytes_transform_stream.ts": "b22a45a337374e863c4eb1867ec6b8ad3e68620a6c52fe837746060ea610e6f1",
    "https://deno.land/std@0.212.0/streams/limited_transform_stream.ts": "4c47da5ca38a30fa9f33b0f1a61d4548e7f52a9a58c294b0f430f680e44cc543",
    "https://deno.land/std@0.212.0/streams/merge_readable_streams.ts": "9c541012e130d6e36086b6b8c197078a6053f5446367e33f233b71858a2c03cc",
    "https://deno.land/std@0.212.0/streams/mod.ts": "cbe5466def4eb5e44a628df7be4700f7e2f88ac8b7d82cf3d769cfef5233aca4",
    "https://deno.land/std@0.212.0/streams/read_all.ts": "927cf2a363b177bd23ec03aba9ecf5a06cbcef51c40063d2d4763ff401826a9f",
    "https://deno.land/std@0.212.0/streams/readable_stream_from_reader.ts": "4289a63836f73901441c1879f2be76eea2a983920f4b10a4a9b8a6d8c29ece56",
    "https://deno.land/std@0.212.0/streams/reader_from_iterable.ts": "fa8606fe262e4b01b373801804790d46615b3c8a09796064717b11506021a829",
    "https://deno.land/std@0.212.0/streams/reader_from_stream_reader.ts": "5e70e51c32a81d794a98a4a6773bbe95100f7660c25733081c0419aec77724b9",
    "https://deno.land/std@0.212.0/streams/text_delimiter_stream.ts": "ef0d7898cea4a9fff850173ed9f3d2cf9e42ba858d8175bd89fe851c8dfa6a6e",
    "https://deno.land/std@0.212.0/streams/text_line_stream.ts": "21f33d3922e019ec1a1676474beb543929cb564ec99b69cd2654e029e0f45bd5",
    "https://deno.land/std@0.212.0/streams/to_array_buffer.ts": "1a9c07c4a396ce557ab205c44415815ab13b614fed94a12f62b80f8e650c726d",
    "https://deno.land/std@0.212.0/streams/to_blob.ts": "bf5daaae50fa8f57e0c8bfd7474ebac16ac09e130e3d01ef2947ae5153912b4a",
    "https://deno.land/std@0.212.0/streams/to_json.ts": "b6a908d0da7cd30956e5fbbfa7460747e50b8f307d1041282ed6fe9070d579ee",
    "https://deno.land/std@0.212.0/streams/to_text.ts": "6f93593bdfc2cea5cca39755ea5caf0d4092580c0a713dfe04a1e85c60df331f",
    "https://deno.land/std@0.212.0/streams/to_transform_stream.ts": "4c4836455ef89bab9ece55975ee3a819f07d3d8b0e43101ec7f4ed033c8a2b61",
    "https://deno.land/std@0.212.0/streams/writable_stream_from_writer.ts": "78b55ad9f9e96482e64dcc4b56feb2e80441bddb4b337eeae98e545f92b489bb",
    "https://deno.land/std@0.212.0/streams/write_all.ts": "ac59da55a0ddfa82b3583ac26a912e9af65778d29be1e7ce52f1a80312e459f0",
    "https://deno.land/std@0.212.0/streams/writer_from_stream_writer.ts": "5a5b7709c4b7158a0ac7fd501a5f5c2d0267b24888364923cc25f3ad0269be57",
    "https://deno.land/std@0.212.0/streams/zip_readable_streams.ts": "53eb10d7557539b489bd858907aab6dd28247f074b3446573801de3150cb932e",
    "https://deno.land/std@0.221.0/encoding/_util.ts": "beacef316c1255da9bc8e95afb1fa56ed69baef919c88dc06ae6cb7a6103d376",
    "https://deno.land/std@0.221.0/encoding/base64.ts": "8ccae67a1227b875340a8582ff707f37b131df435b07080d3bb58e07f5f97807",
    "https://deno.land/std@0.221.0/encoding/base64url.ts": "9cc46cf510436be63ac00ebf97a7de1993e603ca58e1853b344bf90d80ea9945",
    "https://deno.land/std@0.223.0/dotenv/load.ts": "587b342f0f6a3df071331fe6ba1c823729ab68f7d53805809475e486dd4161d7",
    "https://deno.land/std@0.223.0/dotenv/mod.ts": "0180eaeedaaf88647318811cdaa418cc64dc51fb08354f91f5f480d0a1309f7d",
    "https://deno.land/std@0.223.0/dotenv/parse.ts": "09977ff88dfd1f24f9973a338f0f91bbdb9307eb5ff6085446e7c423e4c7ba0c",
    "https://deno.land/std@0.223.0/dotenv/stringify.ts": "275da322c409170160440836342eaa7cf012a1d11a7e700d8ca4e7f2f8aa4615",
    "https://deno.land/x/djwt@v3.0.2/algorithm.ts": "b1c6645f9dbd6e6c47c123a3b18c28b956f91c65ed17f5b6d5d968fc3750542b",
    "https://deno.land/x/djwt@v3.0.2/deps.ts": "a7954fe567f2097b4f6aca11d091b6df658e485a817ac4dee47257ed5c28fd6e",
    "https://deno.land/x/djwt@v3.0.2/mod.ts": "962d8f2c4d6a4db111f45d777b152356aec31ba7db0ca664601175a422629857",
    "https://deno.land/x/djwt@v3.0.2/signature.ts": "16238fbf558267c85dd6c0178045f006c8b914a7301db87149f3318326569272",
    "https://deno.land/x/djwt@v3.0.2/util.ts": "5cb264d2125c553678e11446bcfa0494025d120e3f59d0a3ab38f6800def697d",
    "https://deno.land/x/mongo@v0.33.0/deps.ts": "0260e372714ea433bbe675a5f3d467edceced6e12f406d156ba42724695b0a74",
    "https://deno.land/x/mongo@v0.33.0/mod.ts": "114eedb25b02ba42b53aaf5eb747c5bdb06a852882330624bdc52fde4b7df083",
    "https://deno.land/x/mongo@v0.33.0/src/auth/base.ts": "cfdbbd70f5efddbb4a5156b1b25737cd5cfba86581c29ebafb02085af6fa0239",
    "https://deno.land/x/mongo@v0.33.0/src/auth/mod.ts": "b161611bd5be9e9d1b4497227c8ea93ad4daadcd98038c9e5a707bc5da7a25ca",
    "https://deno.land/x/mongo@v0.33.0/src/auth/pbkdf2.ts": "1f1db192fd37869d118ab34780b64567ebcf0ad83a03ef28b3d740cae9adb47a",
    "https://deno.land/x/mongo@v0.33.0/src/auth/scram.ts": "d0be490de12c34f17c115dd540d1bd0e1c88b571b4ffe9e27ae93afa4401f7c6",
    "https://deno.land/x/mongo@v0.33.0/src/auth/x509.ts": "b638043fea07f60ca24fbd78fe450e11ea633a721b591de28b8ba45bf1f2c2d3",
    "https://deno.land/x/mongo@v0.33.0/src/client.ts": "1bc49b2c7922a638482f06f1a9723e0d2fe62d8a1c735796ede0049645a7ee74",
    "https://deno.land/x/mongo@v0.33.0/src/cluster.ts": "6fca620f12a0f8f6e11f15d5271cebd3ec22a85bcbf2eb5360d0aea414ac4722",
    "https://deno.land/x/mongo@v0.33.0/src/collection/collection.ts": "44307db6f83f4aa8c88131c788e049d0a28aff8c1314f8793be4da2803b52ff4",
    "https://deno.land/x/mongo@v0.33.0/src/collection/commands/aggregate.ts": "9ed10eacbdcd61c020d91b831d4bffa75afd3c4c272fa69e1aaf77bc339d526f",
    "https://deno.land/x/mongo@v0.33.0/src/collection/commands/find.ts": "5c68ccf73f272e85dd158921f57d2e0da643d5696073813dd539d31fad313f02",
    "https://deno.land/x/mongo@v0.33.0/src/collection/commands/list_indexes.ts": "d32a5120305d0547497026b4f5ab2ecc2f40ff7f44c405b99c2a0287765333f5",
    "https://deno.land/x/mongo@v0.33.0/src/collection/commands/update.ts": "57c2be843fdef7e3a9c67b07ab745735c82fd01614d02d37c9a594f0bab7cea2",
    "https://deno.land/x/mongo@v0.33.0/src/collection/mod.ts": "bd791a0b9b46be4365f88c54893584eadec2f8cd799db9eb05e0b5b4c8d72b8e",
    "https://deno.land/x/mongo@v0.33.0/src/database.ts": "b5287e9cffebd9ab284a71086d7ad30a59fe0039f31169c51307ae6564f06ca6",
    "https://deno.land/x/mongo@v0.33.0/src/error.ts": "8180a822b0831a94a6a28815865b5b40e3996220684bea60fcb81b272ddd06eb",
    "https://deno.land/x/mongo@v0.33.0/src/gridfs/bucket.ts": "92030ee5e995fc4cc397b81ecf92ed2cd69565eac787b450f3baa46a21e38a9b",
    "https://deno.land/x/mongo@v0.33.0/src/gridfs/indexes.ts": "59bdab481fba202e4115f43e4fd6540c9d1a1fd51af398dc9e8ff58a80affa33",
    "https://deno.land/x/mongo@v0.33.0/src/gridfs/upload.ts": "6a54a21b00c6f22ad0da6ceef7a2932dc600560f594c2551abd8e4a64976abae",
    "https://deno.land/x/mongo@v0.33.0/src/protocol/cursor.ts": "386b37a8eb8eb04746703b57e76af62e30fe1483a2dd1fb1f5bbd8d2d7a7ca45",
    "https://deno.land/x/mongo@v0.33.0/src/protocol/handshake.ts": "f2dd1c9618b4fd1212877823782866d270a93e9836970f628c988d49f626749d",
    "https://deno.land/x/mongo@v0.33.0/src/protocol/header.ts": "0f28db842f886e57b7013606c1391affab2e2960a1a4568d2502e7b788117716",
    "https://deno.land/x/mongo@v0.33.0/src/protocol/message.ts": "05b71f41f7228b7e059e6070ccf731e0ead90e7348b897710fb4bde1a7b7ad7c",
    "https://deno.land/x/mongo@v0.33.0/src/protocol/mod.ts": "c5f626711e5c1347d98400a18d252306390f76f81335acb4f871a2b45d8d89bb",
    "https://deno.land/x/mongo@v0.33.0/src/protocol/protocol.ts": "cac0a149e951ff5261b6352aa7907a33677a3ff11d424be2954c8de9d270cbab",
    "https://deno.land/x/mongo@v0.33.0/src/types.ts": "675c95674117468f2805736a58a4c107ccef983862871500c5feeb271e13400c",
    "https://deno.land/x/mongo@v0.33.0/src/types/geojson.ts": "14690e2fa1591939253ddc9de181b0664051e9462db131b72be5fb9d064dff44",
    "https://deno.land/x/mongo@v0.33.0/src/types/geospatial.ts": "3871035b43249ede15e505fe0edd19b0c46a9784733287740a3004e4740ec262",
    "https://deno.land/x/mongo@v0.33.0/src/types/gridfs.ts": "714ff5249b2361589baf97151e573fed1536cb1cf200ce8b24416d160330052b",
    "https://deno.land/x/mongo@v0.33.0/src/types/read_write_concern.ts": "d00f35eb85520e776741888685d08d479766a19e9a0a970b53f4594c9db00496",
    "https://deno.land/x/mongo@v0.33.0/src/utils/ns.ts": "fb0c57b8dc4d31f8993112d267dec3c163d3e8862198d1cd03b2b51bcc3caad9",
    "https://deno.land/x/mongo@v0.33.0/src/utils/saslprep/load_code_points.ts": "88c3bee38b2f3e22a2900332ca69f443759b4772bfa65463d8871c9e895f1299",
    "https://deno.land/x/mongo@v0.33.0/src/utils/saslprep/memory_pager.ts": "f55a79a13ec569c21630c3915a9af0c6fc0aa2b899121fa2a85a813c6dd4afba",
    "https://deno.land/x/mongo@v0.33.0/src/utils/saslprep/mod.ts": "de970d59c70a04c19e14a704f0028bf2ff57840d7a615b8cef86cccb014ccf89",
    "https://deno.land/x/mongo@v0.33.0/src/utils/saslprep/sparse_bitfield.ts": "07d6fe2ecd4ba5f711c44c1ae409bb9c1fe3a3cfc09e27434d231d4aae46dd2d",
    "https://deno.land/x/mongo@v0.33.0/src/utils/srv.ts": "e47f866987bd83717d48b99a3a8832d67f97a058e85111f9c96a03d026027b57",
    "https://deno.land/x/mongo@v0.33.0/src/utils/uri.ts": "dcfab8e1dcfcc875c75ada1d9f366664480c03b65594990d6342ed88925452e5",
    "https://deno.land/x/oak@v13.0.0/application.ts": "5d69242f250002532d08c11a685b63603c4523c5db7b296c1f9e3e04ea60e570",
    "https://deno.land/x/oak@v13.0.0/body.ts": "cbc529203c26daafea3b13255a46cf806b3763f917152b7d8eeab345cdb3c6c0",
    "https://deno.land/x/oak@v13.0.0/content_disposition.ts": "8b8c3cb2fba7138cd5b7f82fc3b5ea39b33db924a824b28261659db7e164621e",
    "https://deno.land/x/oak@v13.0.0/context.ts": "895a2d40186b89c28ba3947bf08a9335f1a11fc33133f760082536b74c53d1ca",
    "https://deno.land/x/oak@v13.0.0/deps.ts": "6b1704b3f18c0f03ae76552ed3f21c245004205bac1e9ff20d36a6237d443706",
    "https://deno.land/x/oak@v13.0.0/etag.ts": "cb8c982d4f2a85faf8f88bcda080c64f5f166eb1bbc0e8e93bb46f1cd4ea23eb",
    "https://deno.land/x/oak@v13.0.0/form_data.ts": "44a044e785a4c08c024db458186b402871c587f2f47ef93422e5fc7ab77bd28d",
    "https://deno.land/x/oak@v13.0.0/forwarded.ts": "e656f96a85574e2a6ee54dc35efc9f72d543c9ae0923760ef426ee7369eef01c",
    "https://deno.land/x/oak@v13.0.0/headers.ts": "ed92008baafef287b33942005f30a3db978676a807c807ad1dc6f839ef27ee5c",
    "https://deno.land/x/oak@v13.0.0/helpers.ts": "6b03c6a2be06ec775d54449e442a2bac234aa952948ca758356eab6dc87af618",
    "https://deno.land/x/oak@v13.0.0/http_server_native.ts": "77889c057b163fae60f0ffc9ea89cc75454a209955097be9d801e945c8c4845d",
    "https://deno.land/x/oak@v13.0.0/http_server_native_request.ts": "55df33a456dc55aa4a170787ae8111089c3c3bd4e5533ce9edc9821475db2a9a",
    "https://deno.land/x/oak@v13.0.0/isMediaType.ts": "62d638abcf837ece3a8f07a4b7ca59794135cb0d4b73194c7d5837efd4161005",
    "https://deno.land/x/oak@v13.0.0/mediaTyper.ts": "042b853fc8e9c3f6c628dd389e03ef481552bf07242efc3f8a1af042102a6105",
    "https://deno.land/x/oak@v13.0.0/middleware.ts": "c7f7a0424a6dd99a00e4b8d7d6e131efc0facc8dea781845d713b63df8ef1862",
    "https://deno.land/x/oak@v13.0.0/middleware/proxy.ts": "f41bf07c1576f096cf740a952acf17756627a45948e8775805a419a4ad5dd292",
    "https://deno.land/x/oak@v13.0.0/mod.ts": "48140df5c03fd0b6f45f796cf9cc596ecd3042573e1b1b397193fed18ec244cf",
    "https://deno.land/x/oak@v13.0.0/range.ts": "ef32e50680876e49f9a9e3915b1e9c706ec8885d4aec0b68980b737a1fdef0c7",
    "https://deno.land/x/oak@v13.0.0/request.ts": "29e1f24641fc5c7db55ab314606c2400fca7e12bdd6a528b4533d3d48f7ee1e5",
    "https://deno.land/x/oak@v13.0.0/response.ts": "05f496b51d7e7c3583fa5fe32f035bf2e1de7cd525ccb008a9429b03d7b985b3",
    "https://deno.land/x/oak@v13.0.0/router.ts": "0f53d6249f9e8f89f2522b2b810b9302d0f22593c184b16b24b03bf2b7d42ea1",
    "https://deno.land/x/oak@v13.0.0/send.ts": "9b20047b54d95548d642d823a5c5f0fb6aca18fe88b9aa00663ad8d9ab742003",
    "https://deno.land/x/oak@v13.0.0/structured_clone.ts": "c3888b14d1eec558345bfbf13d0993d59bd45aaa8588444e35dd558c3a921cd8",
    "https://deno.land/x/oak@v13.0.0/testing.ts": "37d684d57bb8e5150fb5eb2677e66b04dcb422709cf2c5a74c1df94d52aa02e2",
    "https://deno.land/x/oak@v13.0.0/util.ts": "4e369e56bdfcd3e1ccfcce7ab4e4c3b660da69b514ebb31db0c7f36bc0f9d17e",
    "https://deno.land/x/oak@v16.0.0/application.ts": "c6361a3c3fb3607c5dfe1800b156f07b612979dc0498c746aeca54bb9f643a92",
    "https://deno.land/x/oak@v16.0.0/body.ts": "0f8a6843720ea6cebba2132a5e4dda5a97bbd49e7fb64e96ade0b7c8009bba2d",
    "https://deno.land/x/oak@v16.0.0/context.ts": "a93a5b41dde2ceb52232ae31b3496be76e8a42ea421a73d7cffe9e640adb8dfd",
    "https://deno.land/x/oak@v16.0.0/deps.ts": "9410ef92a6e3ff7a322a0f894781f04e2cd139d5bb03e2d7c0ce4ad010e9723e",
    "https://deno.land/x/oak@v16.0.0/forwarded.ts": "97fa621071e4878ce64196055b49cdf8ee63f1bb39185c9446bfb817c209bcc9",
    "https://deno.land/x/oak@v16.0.0/http_server_bun.ts": "cb3a66c735cd0533c4c3776b37ae627ab42344c82f91dff63e3030d9656fd3a0",
    "https://deno.land/x/oak@v16.0.0/http_server_native.ts": "3bea00ebb9638203d2449fbf9a14a6b87f119bd45012f13282ececdf7b4c4242",
    "https://deno.land/x/oak@v16.0.0/http_server_native_request.ts": "a4da6f4939736e6323720db2d4b0d19ff2e83f02e52ab1eea9ae80f2c047fa56",
    "https://deno.land/x/oak@v16.0.0/http_server_node.ts": "9bb5291c15305b297fd634aa4c6b1d5054368f4b7a171d7c7c302c73eb2489ed",
    "https://deno.land/x/oak@v16.0.0/middleware.ts": "4170180fe5009d2581a0bdc995e5953b90ccb5b1c3767f3eae8a4fe238b8bd81",
    "https://deno.land/x/oak@v16.0.0/middleware/etag.ts": "310ed4ed01f2af5384ab78617c82a2bdd7f84d66539172e45ee16452846f0754",
    "https://deno.land/x/oak@v16.0.0/middleware/proxy.ts": "6e2253f88246c89c5d90678e7705b08966e7352f64a36e28fb12c7c99bbf0cc1",
    "https://deno.land/x/oak@v16.0.0/middleware/serve.ts": "efceebd70afb73bcabe0a6a8981f3d8474a2f2f30e85b46761aee49e81bd9d6a",
    "https://deno.land/x/oak@v16.0.0/mod.ts": "38e53e01e609583e843f3e2b2677de9872d23d68939ce0de85b402e7a8db01a7",
    "https://deno.land/x/oak@v16.0.0/node_shims.ts": "4db1569b2b79b73f37c4d947f4aaa50a93e266d48fe67601c8a31af17a28884d",
    "https://deno.land/x/oak@v16.0.0/request.ts": "b3d356da3f1e45f850d0b11e5637cb9d3d76fb96cb7b45ec9276bf89fa34ac08",
    "https://deno.land/x/oak@v16.0.0/response.ts": "bc47174d3d797ffc802f40fba006c16de8390e776a36f6f4a4d4f58b278bf36f",
    "https://deno.land/x/oak@v16.0.0/router.ts": "882f36a576e280b0d617cc174feca320f02deed77bdea8264444ba8b55cc0422",
    "https://deno.land/x/oak@v16.0.0/send.ts": "c05e5985b356b568ae4954a40373f93451a3f8cc9ae8706c8b8879e5e0c8c86b",
    "https://deno.land/x/oak@v16.0.0/testing.ts": "c879789ac721144c3dcad0a06f5afbe2cd94fb20afc32302992942a49a7def90",
    "https://deno.land/x/oak@v16.0.0/types.ts": "cd4ccd3e182d0cba2117cd27f560267970470ab9c0ff6556cadd73f605193be7",
    "https://deno.land/x/oak@v16.0.0/utils/clone_state.ts": "cf8989ddd56816b36ada253ae0acdbd46cdf3d68dbe674d2b66c46640fab3500",
    "https://deno.land/x/oak@v16.0.0/utils/consts.ts": "137c4f73479f5e98a13153b9305f06f0d85df3cf2aacad2c9f82d4c1f3a2f105",
    "https://deno.land/x/oak@v16.0.0/utils/create_promise_with_resolvers.ts": "de99e9a998162b929a011f8873eaf0895cf4742492b3ce6f6866d39217342523",
    "https://deno.land/x/oak@v16.0.0/utils/decode_component.ts": "d3e2c40ecdd2fdb79761c6e9ae224cf01a4643f7c5f4c1e0b69698d43025261b",
    "https://deno.land/x/oak@v16.0.0/utils/encode_url.ts": "c0ed6b318eb9523adeebba32eb9acd059c0f94d3511b2b9e3b024722d1b3dfb8",
    "https://deno.land/x/oak@v16.0.0/utils/resolve_path.ts": "aa39d54a003b38fee55f340a0cba3f93a7af85b8ddd5fbfb049a98fc0109b36d",
    "https://deno.land/x/oak@v16.0.0/utils/streams.ts": "6d55543fdeddc3c9c6f512de227b9b33ff4b0ec5e320edc109f0cbf9bef8963f",
    "https://deno.land/x/oak@v16.0.0/utils/type_guards.ts": "a1b42aa4c431c4c07d3f8a45a2142020f86d5a3e1e319af94fdf2f4c6c72465f",
    "https://deno.land/x/oak_commons@0.5.0/cookie_map.ts": "e1c3a2f22ecf08a7505d2d2ffcb37c3547215b285b88f327a5c624d53da368ba",
    "https://deno.land/x/oak_commons@0.5.0/deps.ts": "e318143a90fb17054292d5431a8c54c40afa8dc2d972940a6c22c0ad2316aff0",
    "https://deno.land/x/oak_commons@0.5.0/http_errors.ts": "e540c727b765af754bfbe3c041f332c288d3682bad1ba27971ce216e139b8cc9",
    "https://deno.land/x/oak_commons@0.5.0/method.ts": "819862202d471682773ac6a573dc47553acdae865121adb54a71eee1c9389771",
    "https://deno.land/x/oak_commons@0.5.0/server_sent_event.ts": "5c0b5b930bf39ea6742e408d9d47f6080637a1991188e10402d521181ee32286",
    "https://deno.land/x/oak_commons@0.5.0/status.ts": "f13e0e61c2aaf5e254ca528569b03896aee89d96ebc256fa740ea7305a68f53f",
    "https://deno.land/x/path_to_regexp@v6.2.1/index.ts": "894060567837bae8fc9c5cbd4d0a05e9024672083d5883b525c031eea940e556"
  }
}
